Microsoft Visual Studio Solution File, Format Version 12.00
# Visual Studio 15
VisualStudioVersion = 15.0.28307.645
MinimumVisualStudioVersion = 10.0.40219.1
Project("{9A19103F-16F7-4668-BE54-9A1E7A4F7556}") = "TutorialASPNETCore2MVC", "TutorialASPNETCore2MVC\TutorialASPNETCore2MVC.csproj", "{0298E5C6-D8F7-47B2-89D4-2323EA27083F}"
EndProject
Global
	GlobalSection(SolutionConfigurationPlatforms) = preSolution
		Debug|Any CPU = Debug|Any CPU
		Release|Any CPU = Release|Any CPU
	EndGlobalSection
	GlobalSection(ProjectConfigurationPlatforms) = postSolution
		{0298E5C6-D8F7-47B2-89D4-2323EA27083F}.Debug|Any CPU.ActiveCfg = Debug|Any CPU
		{0298E5C6-D8F7-47B2-89D4-2323EA27083F}.Debug|Any CPU.Build.0 = Debug|Any CPU
		{0298E5C6-D8F7-47B2-89D4-2323EA27083F}.Release|Any CPU.ActiveCfg = Release|Any CPU
		{0298E5C6-D8F7-47B2-89D4-2323EA27083F}.Release|Any CPU.Build.0 = Release|Any CPU
	EndGlobalSection
	GlobalSection(SolutionProperties) = preSolution
		HideSolutionNode = FALSE
	EndGlobalSection
	GlobalSection(ExtensibilityGlobals) = postSolution
		SolutionGuid = {106C69DC-B2BB-4C91-B3F1-7476BF067001}
	EndGlobalSection
EndGlobal
